
Microsoft Visual Studio Solution File, Format Version 12.00
# Visual Studio Version 17
VisualStudioVersion = 17.10.35004.147
MinimumVisualStudioVersion = 10.0.40219.1
Project("{FAE04EC0-301F-11D3-BF4B-00C04F79EFBC}") = "CacheRedis", "CacheRedis\CacheRedis.csproj", "{8AA24254-C996-44A7-A0B4-25D1201BF0A9}"
EndProject
Project("{E53339B2-1760-4266-BCC7-CA923CBCF16C}") = "docker-compose", "docker-compose.dcproj", "{AF3981A2-2468-4FB2-9556-3297F6AA65B6}"
EndProject
Global
	GlobalSection(SolutionConfigurationPlatforms) = preSolution
		Debug|Any CPU = Debug|Any CPU
		Release|Any CPU = Release|Any CPU
	EndGlobalSection
	GlobalSection(ProjectConfigurationPlatforms) = postSolution
		{8AA24254-C996-44A7-A0B4-25D1201BF0A9}.Debug|Any CPU.ActiveCfg = Debug|Any CPU
		{8AA24254-C996-44A7-A0B4-25D1201BF0A9}.Debug|Any CPU.Build.0 = Debug|Any CPU
		{8AA24254-C996-44A7-A0B4-25D1201BF0A9}.Release|Any CPU.ActiveCfg = Release|Any CPU
		{8AA24254-C996-44A7-A0B4-25D1201BF0A9}.Release|Any CPU.Build.0 = Release|Any CPU
		{AF3981A2-2468-4FB2-9556-3297F6AA65B6}.Debug|Any CPU.ActiveCfg = Debug|Any CPU
		{AF3981A2-2468-4FB2-9556-3297F6AA65B6}.Debug|Any CPU.Build.0 = Debug|Any CPU
		{AF3981A2-2468-4FB2-9556-3297F6AA65B6}.Release|Any CPU.ActiveCfg = Release|Any CPU
		{AF3981A2-2468-4FB2-9556-3297F6AA65B6}.Release|Any CPU.Build.0 = Release|Any CPU
	EndGlobalSection
	GlobalSection(SolutionProperties) = preSolution
		HideSolutionNode = FALSE
	EndGlobalSection
	GlobalSection(ExtensibilityGlobals) = postSolution
		SolutionGuid = {084F734D-0216-442F-8C57-51F944802707}
	EndGlobalSection
EndGlobal
